
Microsoft Visual Studio Solution File, Format Version 12.00
# Visual Studio Version 17
VisualStudioVersion = 17.7.34221.43
MinimumVisualStudioVersion = 10.0.40219.1
Project("{FAE04EC0-301F-11D3-BF4B-00C04F79EFBC}") = "ConProOne", "ConProOne\ConProOne.csproj", "{1235FAAB-3108-4ABC-808D-829E1B349031}"
EndProject
Global
	GlobalSection(SolutionConfigurationPlatforms) = preSolution
		Debug|Any CPU = Debug|Any CPU
		Release|Any CPU = Release|Any CPU
	EndGlobalSection
	GlobalSection(ProjectConfigurationPlatforms) = postSolution
		{1235FAAB-3108-4ABC-808D-829E1B349031}.Debug|Any CPU.ActiveCfg = Debug|Any CPU
		{1235FAAB-3108-4ABC-808D-829E1B349031}.Debug|Any CPU.Build.0 = Debug|Any CPU
		{1235FAAB-3108-4ABC-808D-829E1B349031}.Release|Any CPU.ActiveCfg = Release|Any CPU
		{1235FAAB-3108-4ABC-808D-829E1B349031}.Release|Any CPU.Build.0 = Release|Any CPU
	EndGlobalSection
	GlobalSection(SolutionProperties) = preSolution
		HideSolutionNode = FALSE
	EndGlobalSection
	GlobalSection(ExtensibilityGlobals) = postSolution
		SolutionGuid = {BE5C93A3-681F-4447-B1BC-5989B05B71F8}
	EndGlobalSection
EndGlobal
